
Microsoft Visual Studio Solution File, Format Version 12.00
# Visual Studio Version 17
VisualStudioVersion = 17.13.35818.85 d17.13
MinimumVisualStudioVersion = 10.0.40219.1
Project("{FAE04EC0-301F-11D3-BF4B-00C04F79EFBC}") = "SewaPatra", "SewaPatra\SewaPatra.csproj", "{5D7DE400-437D-4D4C-8AF4-DF536EF923A2}"
EndProject
Global
	GlobalSection(SolutionConfigurationPlatforms) = preSolution
		Debug|Any CPU = Debug|Any CPU
		Release|Any CPU = Release|Any CPU
	EndGlobalSection
	GlobalSection(ProjectConfigurationPlatforms) = postSolution
		{5D7DE400-437D-4D4C-8AF4-DF536EF923A2}.Debug|Any CPU.ActiveCfg = Debug|Any CPU
		{5D7DE400-437D-4D4C-8AF4-DF536EF923A2}.Debug|Any CPU.Build.0 = Debug|Any CPU
		{5D7DE400-437D-4D4C-8AF4-DF536EF923A2}.Release|Any CPU.ActiveCfg = Release|Any CPU
		{5D7DE400-437D-4D4C-8AF4-DF536EF923A2}.Release|Any CPU.Build.0 = Release|Any CPU
	EndGlobalSection
	GlobalSection(SolutionProperties) = preSolution
		HideSolutionNode = FALSE
	EndGlobalSection
	GlobalSection(ExtensibilityGlobals) = postSolution
		SolutionGuid = {6A9E85DB-9DF3-436E-8CA0-E2C9A5DD701E}
	EndGlobalSection
EndGlobal
